// !$*UTF8*$!
{
	archiveVersion = 1;
	classes = {
	};
	objectVersion = 56;
	objects = {

/* Begin PBXBuildFile section */
		39311D5E2BEC925200B05CA2 /* ProductDetailView.swift in Sources */ = {isa = PBXBuildFile; fileRef = 39311D5D2BEC925200B05CA2 /* ProductDetailView.swift */; };
		39311D602BEC92C200B05CA2 /* BarcodeScannerButton.swift in Sources */ = {isa = PBXBuildFile; fileRef = 39311D5F2BEC92C200B05CA2 /* BarcodeScannerButton.swift */; };
		39311D622BEC9A0800B05CA2 /* NotFoundView.swift in Sources */ = {isa = PBXBuildFile; fileRef = 39311D612BEC9A0800B05CA2 /* NotFoundView.swift */; };
		396815C62BE21256009C8030 /* WelcomeTextView.swift in Sources */ = {isa = PBXBuildFile; fileRef = 396815C52BE21256009C8030 /* WelcomeTextView.swift */; };
		398054582BC2647B005D7A5D /* Launch Screen.storyboard in Resources */ = {isa = PBXBuildFile; fileRef = 398054572BC2647B005D7A5D /* Launch Screen.storyboard */; };
		39990FA32BBE5CD4006EC476 /* ProductScannerApp.swift in Sources */ = {isa = PBXBuildFile; fileRef = 39990FA22BBE5CD4006EC476 /* ProductScannerApp.swift */; };
		39990FA52BBE5CD4006EC476 /* ProductInfoView.swift in Sources */ = {isa = PBXBuildFile; fileRef = 39990FA42BBE5CD4006EC476 /* ProductInfoView.swift */; };
		39990FA72BBE5CD7006EC476 /* Assets.xcassets in Resources */ = {isa = PBXBuildFile; fileRef = 39990FA62BBE5CD7006EC476 /* Assets.xcassets */; };
		39990FAA2BBE5CD7006EC476 /* Preview Assets.xcassets in Resources */ = {isa = PBXBuildFile; fileRef = 39990FA92BBE5CD7006EC476 /* Preview Assets.xcassets */; };
		39990FB12BBE5D48006EC476 /* Product.swift in Sources */ = {isa = PBXBuildFile; fileRef = 39990FB02BBE5D48006EC476 /* Product.swift */; };
		39990FB32BBE5D61006EC476 /* ProductInfoViewModel.swift in Sources */ = {isa = PBXBuildFile; fileRef = 39990FB22BBE5D61006EC476 /* ProductInfoViewModel.swift */; };
		39990FB72BBE5DDD006EC476 /* BarCodeScanner.swift in Sources */ = {isa = PBXBuildFile; fileRef = 39990FB62BBE5DDD006EC476 /* BarCodeScanner.swift */; };
		39E577AA2BEF2F300071EDAB /* ImageView.swift in Sources */ = {isa = PBXBuildFile; fileRef = 39E577A92BEF2F300071EDAB /* ImageView.swift */; };
		4BA28BCF941CA8C915DF1E65 /* Pods_ProductScanner.framework in Frameworks */ = {isa = PBXBuildFile; fileRef = D9D0D4A2DA7E9B613C589091 /* Pods_ProductScanner.framework */; };
/* End PBXBuildFile section */

/* Begin PBXFileReference section */
		27845B780DFA9B0EDBD68C76 /* Pods-ProductScanner.debug.xcconfig */ = {isa = PBXFileReference; includeInIndex = 1; lastKnownFileType = text.xcconfig; name = "Pods-ProductScanner.debug.xcconfig"; path = "Target Support Files/Pods-ProductScanner/Pods-ProductScanner.debug.xcconfig"; sourceTree = "<group>"; };
		39311D5D2BEC925200B05CA2 /* ProductDetailView.swift */ = {isa = PBXFileReference; lastKnownFileType = sourcecode.swift; path = ProductDetailView.swift; sourceTree = "<group>"; };
		39311D5F2BEC92C200B05CA2 /* BarcodeScannerButton.swift */ = {isa = PBXFileReference; lastKnownFileType = sourcecode.swift; path = BarcodeScannerButton.swift; sourceTree = "<group>"; };
		39311D612BEC9A0800B05CA2 /* NotFoundView.swift */ = {isa = PBXFileReference; lastKnownFileType = sourcecode.swift; path = NotFoundView.swift; sourceTree = "<group>"; };
		3956D2DC2C1190D60088A3EB /* config.plist */ = {isa = PBXFileReference; lastKnownFileType = text.plist.xml; name = config.plist; path = /Users/timur/Desktop/Study/Lerning/ProductScanner/ProductScanner/config.plist; sourceTree = "<absolute>"; };
		396815C52BE21256009C8030 /* WelcomeTextView.swift */ = {isa = PBXFileReference; lastKnownFileType = sourcecode.swift; path = WelcomeTextView.swift; sourceTree = "<group>"; };
		398054572BC2647B005D7A5D /* Launch Screen.storyboard */ = {isa = PBXFileReference; lastKnownFileType = file.storyboard; path = "Launch Screen.storyboard"; sourceTree = "<group>"; };
		39990F9F2BBE5CD4006EC476 /* NutriScope.app */ = {isa = PBXFileReference; explicitFileType = wrapper.application; includeInIndex = 0; path = NutriScope.app; sourceTree = BUILT_PRODUCTS_DIR; };
		39990FA22BBE5CD4006EC476 /* ProductScannerApp.swift */ = {isa = PBXFileReference; lastKnownFileType = sourcecode.swift; path = ProductScannerApp.swift; sourceTree = "<group>"; };
		39990FA42BBE5CD4006EC476 /* ProductInfoView.swift */ = {isa = PBXFileReference; lastKnownFileType = sourcecode.swift; path = ProductInfoView.swift; sourceTree = "<group>"; };
		39990FA62BBE5CD7006EC476 /* Assets.xcassets */ = {isa = PBXFileReference; lastKnownFileType = folder.assetcatalog; path = Assets.xcassets; sourceTree = "<group>"; };
		39990FA92BBE5CD7006EC476 /* Preview Assets.xcassets */ = {isa = PBXFileReference; lastKnownFileType = folder.assetcatalog; path = "Preview Assets.xcassets"; sourceTree = "<group>"; };
		39990FB02BBE5D48006EC476 /* Product.swift */ = {isa = PBXFileReference; lastKnownFileType = sourcecode.swift; path = Product.swift; sourceTree = "<group>"; };
		39990FB22BBE5D61006EC476 /* ProductInfoViewModel.swift */ = {isa = PBXFileReference; lastKnownFileType = sourcecode.swift; path = ProductInfoViewModel.swift; sourceTree = "<group>"; };
		39990FB62BBE5DDD006EC476 /* BarCodeScanner.swift */ = {isa = PBXFileReference; lastKnownFileType = sourcecode.swift; path = BarCodeScanner.swift; sourceTree = "<group>"; };
		39B88D312C0EAE5300B668D7 /* Info.plist */ = {isa = PBXFileReference; lastKnownFileType = text.plist; path = Info.plist; sourceTree = "<group>"; };
		39E577A92BEF2F300071EDAB /* ImageView.swift */ = {isa = PBXFileReference; lastKnownFileType = sourcecode.swift; path = ImageView.swift; sourceTree = "<group>"; };
		D9D0D4A2DA7E9B613C589091 /* Pods_ProductScanner.framework */ = {isa = PBXFileReference; explicitFileType = wrapper.framework; includeInIndex = 0; path = Pods_ProductScanner.framework; sourceTree = BUILT_PRODUCTS_DIR; };
		DACFAFFD881427F16CDE920D /* Pods-ProductScanner.release.xcconfig */ = {isa = PBXFileReference; includeInIndex = 1; lastKnownFileType = text.xcconfig; name = "Pods-ProductScanner.release.xcconfig"; path = "Target Support Files/Pods-ProductScanner/Pods-ProductScanner.release.xcconfig"; sourceTree = "<group>"; };
/* End PBXFileReference section */

/* Begin PBXFrameworksBuildPhase section */
		39990F9C2BBE5CD4006EC476 /* Frameworks */ = {
			isa = PBXFrameworksBuildPhase;
			buildActionMask = 2147483647;
			files = (
				4BA28BCF941CA8C915DF1E65 /* Pods_ProductScanner.framework in Frameworks */,
			);
			runOnlyForDeploymentPostprocessing = 0;
		};
/* End PBXFrameworksBuildPhase section */

/* Begin PBXGroup section */
		218BAEA86FBDCB71CC7E74FF /* Frameworks */ = {
			isa = PBXGroup;
			children = (
				D9D0D4A2DA7E9B613C589091 /* Pods_ProductScanner.framework */,
			);
			name = Frameworks;
			sourceTree = "<group>";
		};
		39311D632BEC9DDB00B05CA2 /* Views */ = {
			isa = PBXGroup;
			children = (
				398054572BC2647B005D7A5D /* Launch Screen.storyboard */,
				39311D642BEC9DEC00B05CA2 /* ProductInfoView */,
				39E577A72BEF2E3E0071EDAB /* ProductDetailView */,
				39E577A82BEF2E560071EDAB /* NotFoundView */,
				39E577AB2BEF2F700071EDAB /* WelcomeTextView */,
				39311D5F2BEC92C200B05CA2 /* BarcodeScannerButton.swift */,
				39E577A92BEF2F300071EDAB /* ImageView.swift */,
			);
			path = Views;
			sourceTree = "<group>";
		};
		39311D642BEC9DEC00B05CA2 /* ProductInfoView */ = {
			isa = PBXGroup;
			children = (
				39990FA42BBE5CD4006EC476 /* ProductInfoView.swift */,
				39990FB22BBE5D61006EC476 /* ProductInfoViewModel.swift */,
			);
			path = ProductInfoView;
			sourceTree = "<group>";
		};
		39990F962BBE5CD4006EC476 = {
			isa = PBXGroup;
			children = (
				39990FA12BBE5CD4006EC476 /* ProductScanner */,
				39990FA02BBE5CD4006EC476 /* Products */,
				9619BE78AE5B8532EF6B6E5F /* Pods */,
				218BAEA86FBDCB71CC7E74FF /* Frameworks */,
			);
			sourceTree = "<group>";
		};
		39990FA02BBE5CD4006EC476 /* Products */ = {
			isa = PBXGroup;
			children = (
				39990F9F2BBE5CD4006EC476 /* NutriScope.app */,
			);
			name = Products;
			sourceTree = "<group>";
		};
		39990FA12BBE5CD4006EC476 /* ProductScanner */ = {
			isa = PBXGroup;
			children = (
				39B88D312C0EAE5300B668D7 /* Info.plist */,
				3956D2DC2C1190D60088A3EB /* config.plist */,
				39990FA22BBE5CD4006EC476 /* ProductScannerApp.swift */,
				39E577AC2BEF2FB10071EDAB /* BarCodeScanner */,
				39E577AD2BEF30890071EDAB /* Model */,
				39311D632BEC9DDB00B05CA2 /* Views */,
				39990FA62BBE5CD7006EC476 /* Assets.xcassets */,
				39990FA82BBE5CD7006EC476 /* Preview Content */,
			);
			path = ProductScanner;
			sourceTree = "<group>";
		};
		39990FA82BBE5CD7006EC476 /* Preview Content */ = {
			isa = PBXGroup;
			children = (
				39990FA92BBE5CD7006EC476 /* Preview Assets.xcassets */,
			);
			path = "Preview Content";
			sourceTree = "<group>";
		};
		39E577A72BEF2E3E0071EDAB /* ProductDetailView */ = {
			isa = PBXGroup;
			children = (
				39311D5D2BEC925200B05CA2 /* ProductDetailView.swift */,
			);
			path = ProductDetailView;
			sourceTree = "<group>";
		};
		39E577A82BEF2E560071EDAB /* NotFoundView */ = {
			isa = PBXGroup;
			children = (
				39311D612BEC9A0800B05CA2 /* NotFoundView.swift */,
			);
			path = NotFoundView;
			sourceTree = "<group>";
		};
		39E577AB2BEF2F700071EDAB /* WelcomeTextView */ = {
			isa = PBXGroup;
			children = (
				396815C52BE21256009C8030 /* WelcomeTextView.swift */,
			);
			path = WelcomeTextView;
			sourceTree = "<group>";
		};
		39E577AC2BEF2FB10071EDAB /* BarCodeScanner */ = {
			isa = PBXGroup;
			children = (
				39990FB62BBE5DDD006EC476 /* BarCodeScanner.swift */,
			);
			path = BarCodeScanner;
			sourceTree = "<group>";
		};
		39E577AD2BEF30890071EDAB /* Model */ = {
			isa = PBXGroup;
			children = (
				39990FB02BBE5D48006EC476 /* Product.swift */,
			);
			path = Model;
			sourceTree = "<group>";
		};
		9619BE78AE5B8532EF6B6E5F /* Pods */ = {
			isa = PBXGroup;
			children = (
				27845B780DFA9B0EDBD68C76 /* Pods-ProductScanner.debug.xcconfig */,
				DACFAFFD881427F16CDE920D /* Pods-ProductScanner.release.xcconfig */,
			);
			path = Pods;
			sourceTree = "<group>";
		};
/* End PBXGroup section */

/* Begin PBXNativeTarget section */
		39990F9E2BBE5CD4006EC476 /* ProductScanner */ = {
			isa = PBXNativeTarget;
			buildConfigurationList = 39990FAD2BBE5CD7006EC476 /* Build configuration list for PBXNativeTarget "ProductScanner" */;
			buildPhases = (
				4B58AF91CBE4B2C4D694C551 /* [CP] Check Pods Manifest.lock */,
				39990F9B2BBE5CD4006EC476 /* Sources */,
				39990F9C2BBE5CD4006EC476 /* Frameworks */,
				39990F9D2BBE5CD4006EC476 /* Resources */,
			);
			buildRules = (
			);
			dependencies = (
			);
			name = ProductScanner;
			productName = ProductScanner;
			productReference = 39990F9F2BBE5CD4006EC476 /* NutriScope.app */;
			productType = "com.apple.product-type.application";
		};
/* End PBXNativeTarget section */

/* Begin PBXProject section */
		39990F972BBE5CD4006EC476 /* Project object */ = {
			isa = PBXProject;
			attributes = {
				BuildIndependentTargetsInParallel = 1;
				LastSwiftUpdateCheck = 1520;
				LastUpgradeCheck = 1520;
				TargetAttributes = {
					39990F9E2BBE5CD4006EC476 = {
						CreatedOnToolsVersion = 15.2;
					};
				};
			};
			buildConfigurationList = 39990F9A2BBE5CD4006EC476 /* Build configuration list for PBXProject "ProductScanner" */;
			compatibilityVersion = "Xcode 14.0";
			developmentRegion = en;
			hasScannedForEncodings = 0;
			knownRegions = (
				en,
				Base,
			);
			mainGroup = 39990F962BBE5CD4006EC476;
			productRefGroup = 39990FA02BBE5CD4006EC476 /* Products */;
			projectDirPath = "";
			projectRoot = "";
			targets = (
				39990F9E2BBE5CD4006EC476 /* ProductScanner */,
			);
		};
/* End PBXProject section */

/* Begin PBXResourcesBuildPhase section */
		39990F9D2BBE5CD4006EC476 /* Resources */ = {
			isa = PBXResourcesBuildPhase;
			buildActionMask = 2147483647;
			files = (
				398054582BC2647B005D7A5D /* Launch Screen.storyboard in Resources */,
				39990FAA2BBE5CD7006EC476 /* Preview Assets.xcassets in Resources */,
				39990FA72BBE5CD7006EC476 /* Assets.xcassets in Resources */,
			);
			runOnlyForDeploymentPostprocessing = 0;
		};
/* End PBXResourcesBuildPhase section */

/* Begin PBXShellScriptBuildPhase section */
		4B58AF91CBE4B2C4D694C551 /* [CP] Check Pods Manifest.lock */ = {
			isa = PBXShellScriptBuildPhase;
			buildActionMask = 2147483647;
			files = (
			);
			inputFileListPaths = (
			);
			inputPaths = (
				"${PODS_PODFILE_DIR_PATH}/Podfile.lock",
				"${PODS_ROOT}/Manifest.lock",
			);
			name = "[CP] Check Pods Manifest.lock";
			outputFileListPaths = (
			);
			outputPaths = (
				"$(DERIVED_FILE_DIR)/Pods-ProductScanner-checkManifestLockResult.txt",
			);
			runOnlyForDeploymentPostprocessing = 0;
			shellPath = /bin/sh;
			shellScript = "diff \"${PODS_PODFILE_DIR_PATH}/Podfile.lock\" \"${PODS_ROOT}/Manifest.lock\" > /dev/null\nif [ $? != 0 ] ; then\n    # print error to STDERR\n    echo \"error: The sandbox is not in sync with the Podfile.lock. Run 'pod install' or update your CocoaPods installation.\" >&2\n    exit 1\nfi\n# This output is used by Xcode 'outputs' to avoid re-running this script phase.\necho \"SUCCESS\" > \"${SCRIPT_OUTPUT_FILE_0}\"\n";
			showEnvVarsInLog = 0;
		};
/* End PBXShellScriptBuildPhase section */

/* Begin PBXSourcesBuildPhase section */
		39990F9B2BBE5CD4006EC476 /* Sources */ = {
			isa = PBXSourcesBuildPhase;
			buildActionMask = 2147483647;
			files = (
				39E577AA2BEF2F300071EDAB /* ImageView.swift in Sources */,
				39311D602BEC92C200B05CA2 /* BarcodeScannerButton.swift in Sources */,
				39990FA52BBE5CD4006EC476 /* ProductInfoView.swift in Sources */,
				39311D5E2BEC925200B05CA2 /* ProductDetailView.swift in Sources */,
				39311D622BEC9A0800B05CA2 /* NotFoundView.swift in Sources */,
				39990FA32BBE5CD4006EC476 /* ProductScannerApp.swift in Sources */,
				396815C62BE21256009C8030 /* WelcomeTextView.swift in Sources */,
				39990FB12BBE5D48006EC476 /* Product.swift in Sources */,
				39990FB32BBE5D61006EC476 /* ProductInfoViewModel.swift in Sources */,
				39990FB72BBE5DDD006EC476 /* BarCodeScanner.swift in Sources */,
			);
			runOnlyForDeploymentPostprocessing = 0;
		};
/* End PBXSourcesBuildPhase section */

/* Begin XCBuildConfiguration section */
		39990FAB2BBE5CD7006EC476 /* Debug */ = {
			isa = XCBuildConfiguration;
			buildSettings = {
				ALWAYS_SEARCH_USER_PATHS = NO;
				ASSETCATALOG_COMPILER_GENERATE_SWIFT_ASSET_SYMBOL_EXTENSIONS = YES;
				CLANG_ANALYZER_NONNULL = YES;
				CLANG_ANALYZER_NUMBER_OBJECT_CONVERSION = YES_AGGRESSIVE;
				CLANG_CXX_LANGUAGE_STANDARD = "gnu++20";
				CLANG_ENABLE_MODULES = YES;
				CLANG_ENABLE_OBJC_ARC = YES;
				CLANG_ENABLE_OBJC_WEAK = YES;
				CLANG_WARN_BLOCK_CAPTURE_AUTORELEASING = YES;
				CLANG_WARN_BOOL_CONVERSION = YES;
				CLANG_WARN_COMMA = YES;
				CLANG_WARN_CONSTANT_CONVERSION = YES;
				CLANG_WARN_DEPRECATED_OBJC_IMPLEMENTATIONS = YES;
				CLANG_WARN_DIRECT_OBJC_ISA_USAGE = YES_ERROR;
				CLANG_WARN_DOCUMENTATION_COMMENTS = YES;
				CLANG_WARN_EMPTY_BODY = YES;
				CLANG_WARN_ENUM_CONVERSION = YES;
				CLANG_WARN_INFINITE_RECURSION = YES;
				CLANG_WARN_INT_CONVERSION = YES;
				CLANG_WARN_NON_LITERAL_NULL_CONVERSION = YES;
				CLANG_WARN_OBJC_IMPLICIT_RETAIN_SELF = YES;
				CLANG_WARN_OBJC_LITERAL_CONVERSION = YES;
				CLANG_WARN_OBJC_ROOT_CLASS = YES_ERROR;
				CLANG_WARN_QUOTED_INCLUDE_IN_FRAMEWORK_HEADER = YES;
				CLANG_WARN_RANGE_LOOP_ANALYSIS = YES;
				CLANG_WARN_STRICT_PROTOTYPES = YES;
				CLANG_WARN_SUSPICIOUS_MOVE = YES;
				CLANG_WARN_UNGUARDED_AVAILABILITY = YES_AGGRESSIVE;
				CLANG_WARN_UNREACHABLE_CODE = YES;
				CLANG_WARN__DUPLICATE_METHOD_MATCH = YES;
				COPY_PHASE_STRIP = NO;
				DEBUG_INFORMATION_FORMAT = dwarf;
				ENABLE_STRICT_OBJC_MSGSEND = YES;
				ENABLE_TESTABILITY = YES;
				ENABLE_USER_SCRIPT_SANDBOXING = YES;
				GCC_C_LANGUAGE_STANDARD = gnu17;
				GCC_DYNAMIC_NO_PIC = NO;
				GCC_NO_COMMON_BLOCKS = YES;
				GCC_OPTIMIZATION_LEVEL = 0;
				GCC_PREPROCESSOR_DEFINITIONS = (
					"DEBUG=1",
					"$(inherited)",
				);
				GCC_WARN_64_TO_32_BIT_CONVERSION = YES;
				GCC_WARN_ABOUT_RETURN_TYPE = YES_ERROR;
				GCC_WARN_UNDECLARED_SELECTOR = YES;
				GCC_WARN_UNINITIALIZED_AUTOS = YES_AGGRESSIVE;
				GCC_WARN_UNUSED_FUNCTION = YES;
				GCC_WARN_UNUSED_VARIABLE = YES;
				IPHONEOS_DEPLOYMENT_TARGET = 17.0;
				LOCALIZATION_PREFERS_STRING_CATALOGS = YES;
				MTL_ENABLE_DEBUG_INFO = INCLUDE_SOURCE;
				MTL_FAST_MATH = YES;
				ONLY_ACTIVE_ARCH = YES;
				SDKROOT = iphoneos;
				SWIFT_ACTIVE_COMPILATION_CONDITIONS = "DEBUG $(inherited)";
				SWIFT_OPTIMIZATION_LEVEL = "-Onone";
			};
			name = Debug;
		};
		39990FAC2BBE5CD7006EC476 /* Release */ = {
			isa = XCBuildConfiguration;
			buildSettings = {
				ALWAYS_SEARCH_USER_PATHS = NO;
				ASSETCATALOG_COMPILER_GENERATE_SWIFT_ASSET_SYMBOL_EXTENSIONS = YES;
				CLANG_ANALYZER_NONNULL = YES;
				CLANG_ANALYZER_NUMBER_OBJECT_CONVERSION = YES_AGGRESSIVE;
				CLANG_CXX_LANGUAGE_STANDARD = "gnu++20";
				CLANG_ENABLE_MODULES = YES;
				CLANG_ENABLE_OBJC_ARC = YES;
				CLANG_ENABLE_OBJC_WEAK = YES;
				CLANG_WARN_BLOCK_CAPTURE_AUTORELEASING = YES;
				CLANG_WARN_BOOL_CONVERSION = YES;
				CLANG_WARN_COMMA = YES;
				CLANG_WARN_CONSTANT_CONVERSION = YES;
				CLANG_WARN_DEPRECATED_OBJC_IMPLEMENTATIONS = YES;
				CLANG_WARN_DIRECT_OBJC_ISA_USAGE = YES_ERROR;
				CLANG_WARN_DOCUMENTATION_COMMENTS = YES;
				CLANG_WARN_EMPTY_BODY = YES;
				CLANG_WARN_ENUM_CONVERSION = YES;
				CLANG_WARN_INFINITE_RECURSION = YES;
				CLANG_WARN_INT_CONVERSION = YES;
				CLANG_WARN_NON_LITERAL_NULL_CONVERSION = YES;
				CLANG_WARN_OBJC_IMPLICIT_RETAIN_SELF = YES;
				CLANG_WARN_OBJC_LITERAL_CONVERSION = YES;
				CLANG_WARN_OBJC_ROOT_CLASS = YES_ERROR;
				CLANG_WARN_QUOTED_INCLUDE_IN_FRAMEWORK_HEADER = YES;
				CLANG_WARN_RANGE_LOOP_ANALYSIS = YES;
				CLANG_WARN_STRICT_PROTOTYPES = YES;
				CLANG_WARN_SUSPICIOUS_MOVE = YES;
				CLANG_WARN_UNGUARDED_AVAILABILITY = YES_AGGRESSIVE;
				CLANG_WARN_UNREACHABLE_CODE = YES;
				CLANG_WARN__DUPLICATE_METHOD_MATCH = YES;
				COPY_PHASE_STRIP = NO;
				DEBUG_INFORMATION_FORMAT = "dwarf-with-dsym";
				ENABLE_NS_ASSERTIONS = NO;
				ENABLE_STRICT_OBJC_MSGSEND = YES;
				ENABLE_USER_SCRIPT_SANDBOXING = YES;
				GCC_C_LANGUAGE_STANDARD = gnu17;
				GCC_NO_COMMON_BLOCKS = YES;
				GCC_WARN_64_TO_32_BIT_CONVERSION = YES;
				GCC_WARN_ABOUT_RETURN_TYPE = YES_ERROR;
				GCC_WARN_UNDECLARED_SELECTOR = YES;
				GCC_WARN_UNINITIALIZED_AUTOS = YES_AGGRESSIVE;
				GCC_WARN_UNUSED_FUNCTION = YES;
				GCC_WARN_UNUSED_VARIABLE = YES;
				IPHONEOS_DEPLOYMENT_TARGET = 17.0;
				LOCALIZATION_PREFERS_STRING_CATALOGS = YES;
				MTL_ENABLE_DEBUG_INFO = NO;
				MTL_FAST_MATH = YES;
				SDKROOT = iphoneos;
				SWIFT_COMPILATION_MODE = wholemodule;
				VALIDATE_PRODUCT = YES;
			};
			name = Release;
		};
		39990FAE2BBE5CD7006EC476 /* Debug */ = {
			isa = XCBuildConfiguration;
			baseConfigurationReference = 27845B780DFA9B0EDBD68C76 /* Pods-ProductScanner.debug.xcconfig */;
			buildSettings = {
				ASSETCATALOG_COMPILER_APPICON_NAME = AppIcon;
				ASSETCATALOG_COMPILER_GLOBAL_ACCENT_COLOR_NAME = AccentColor;
				ASSETCATALOG_COMPILER_INCLUDE_ALL_APPICON_ASSETS = YES;
				CODE_SIGN_STYLE = Automatic;
				CURRENT_PROJECT_VERSION = 1;
				DEVELOPMENT_ASSET_PATHS = "\"ProductScanner/Preview Content\"";
				DEVELOPMENT_TEAM = 2578GW4Y4H;
				ENABLE_PREVIEWS = YES;
				ENABLE_USER_SCRIPT_SANDBOXING = NO;
				GENERATE_INFOPLIST_FILE = YES;
				INFOPLIST_FILE = ProductScanner/Info.plist;
				INFOPLIST_KEY_CFBundleDisplayName = NutriScope;
				INFOPLIST_KEY_LSApplicationCategoryType = "public.app-category.food-and-drink";
				INFOPLIST_KEY_NSCameraUsageDescription = "We need access to your camera to scan barcodes";
				INFOPLIST_KEY_UIApplicationSceneManifest_Generation = YES;
				INFOPLIST_KEY_UIApplicationSupportsIndirectInputEvents = YES;
				INFOPLIST_KEY_UILaunchScreen_Generation = YES;
				INFOPLIST_KEY_UILaunchStoryboardName = "Launch Screen.storyboard";
				INFOPLIST_KEY_UISupportedInterfaceOrientations = UIInterfaceOrientationPortrait;
				INFOPLIST_KEY_UISupportedInterfaceOrientations_iPad = "UIInterfaceOrientationLandscapeLeft UIInterfaceOrientationLandscapeRight UIInterfaceOrientationPortrait UIInterfaceOrientationPortraitUpsideDown";
				IPHONEOS_DEPLOYMENT_TARGET = 17.0;
				LD_RUNPATH_SEARCH_PATHS = (
					"$(inherited)",
					"@executable_path/Frameworks",
				);
				MARKETING_VERSION = 2.0;
				PRODUCT_BUNDLE_IDENTIFIER = TimurArutiunian.ProductScanner;
				PRODUCT_MODULE_NAME = NutriScope;
				PRODUCT_NAME = NutriScope;
				SUPPORTED_PLATFORMS = "iphoneos iphonesimulator";
				SUPPORTS_MACCATALYST = NO;
				SUPPORTS_MAC_DESIGNED_FOR_IPHONE_IPAD = NO;
				SUPPORTS_XR_DESIGNED_FOR_IPHONE_IPAD = NO;
				SWIFT_EMIT_LOC_STRINGS = YES;
				SWIFT_VERSION = 5.0;
				TARGETED_DEVICE_FAMILY = 1;
			};
			name = Debug;
		};
		39990FAF2BBE5CD7006EC476 /* Release */ = {
			isa = XCBuildConfiguration;
			baseConfigurationReference = DACFAFFD881427F16CDE920D /* Pods-ProductScanner.release.xcconfig */;
			buildSettings = {
				ASSETCATALOG_COMPILER_APPICON_NAME = AppIcon;
				ASSETCATALOG_COMPILER_GLOBAL_ACCENT_COLOR_NAME = AccentColor;
				ASSETCATALOG_COMPILER_INCLUDE_ALL_APPICON_ASSETS = YES;
				CODE_SIGN_STYLE = Automatic;
				CURRENT_PROJECT_VERSION = 1;
				DEVELOPMENT_ASSET_PATHS = "\"ProductScanner/Preview Content\"";
				DEVELOPMENT_TEAM = 2578GW4Y4H;
				ENABLE_PREVIEWS = YES;
				ENABLE_USER_SCRIPT_SANDBOXING = NO;
				GENERATE_INFOPLIST_FILE = YES;
				INFOPLIST_FILE = ProductScanner/Info.plist;
				INFOPLIST_KEY_CFBundleDisplayName = NutriScope;
				INFOPLIST_KEY_LSApplicationCategoryType = "public.app-category.food-and-drink";
				INFOPLIST_KEY_NSCameraUsageDescription = "We need access to your camera to scan barcodes";
				INFOPLIST_KEY_UIApplicationSceneManifest_Generation = YES;
				INFOPLIST_KEY_UIApplicationSupportsIndirectInputEvents = YES;
				INFOPLIST_KEY_UILaunchScreen_Generation = YES;
				INFOPLIST_KEY_UILaunchStoryboardName = "Launch Screen.storyboard";
				INFOPLIST_KEY_UISupportedInterfaceOrientations = UIInterfaceOrientationPortrait;
				INFOPLIST_KEY_UISupportedInterfaceOrientations_iPad = "UIInterfaceOrientationLandscapeLeft UIInterfaceOrientationLandscapeRight UIInterfaceOrientationPortrait UIInterfaceOrientationPortraitUpsideDown";
				IPHONEOS_DEPLOYMENT_TARGET = 17.0;
				LD_RUNPATH_SEARCH_PATHS = (
					"$(inherited)",
					"@executable_path/Frameworks",
				);
				MARKETING_VERSION = 2.0;
				PRODUCT_BUNDLE_IDENTIFIER = TimurArutiunian.ProductScanner;
				PRODUCT_MODULE_NAME = NutriScope;
				PRODUCT_NAME = NutriScope;
				SUPPORTED_PLATFORMS = "iphoneos iphonesimulator";
				SUPPORTS_MACCATALYST = NO;
				SUPPORTS_MAC_DESIGNED_FOR_IPHONE_IPAD = NO;
				SUPPORTS_XR_DESIGNED_FOR_IPHONE_IPAD = NO;
				SWIFT_EMIT_LOC_STRINGS = YES;
				SWIFT_VERSION = 5.0;
				TARGETED_DEVICE_FAMILY = 1;
			};
			name = Release;
		};
/* End XCBuildConfiguration section */

/* Begin XCConfigurationList section */
		39990F9A2BBE5CD4006EC476 /* Build configuration list for PBXProject "ProductScanner" */ = {
			isa = XCConfigurationList;
			buildConfigurations = (
				39990FAB2BBE5CD7006EC476 /* Debug */,
				39990FAC2BBE5CD7006EC476 /* Release */,
			);
			defaultConfigurationIsVisible = 0;
			defaultConfigurationName = Release;
		};
		39990FAD2BBE5CD7006EC476 /* Build configuration list for PBXNativeTarget "ProductScanner" */ = {
			isa = XCConfigurationList;
			buildConfigurations = (
				39990FAE2BBE5CD7006EC476 /* Debug */,
				39990FAF2BBE5CD7006EC476 /* Release */,
			);
			defaultConfigurationIsVisible = 0;
			defaultConfigurationName = Release;
		};
/* End XCConfigurationList section */
	};
	rootObject = 39990F972BBE5CD4006EC476 /* Project object */;
}
