// !$*UTF8*$!
{
	archiveVersion = 1;
	classes = {
	};
	objectVersion = 56;
	objects = {

/* Begin PBXBuildFile section */
		398054582BC2647B005D7A5D /* Launch Screen.storyboard in Resources */ = {isa = PBXBuildFile; fileRef = 398054572BC2647B005D7A5D /* Launch Screen.storyboard */; };
		39990FA32BBE5CD4006EC476 /* ProductScannerApp.swift in Sources */ = {isa = PBXBuildFile; fileRef = 39990FA22BBE5CD4006EC476 /* ProductScannerApp.swift */; };
		39990FA52BBE5CD4006EC476 /* ContentView.swift in Sources */ = {isa = PBXBuildFile; fileRef = 39990FA42BBE5CD4006EC476 /* ContentView.swift */; };
		39990FA72BBE5CD7006EC476 /* Assets.xcassets in Resources */ = {isa = PBXBuildFile; fileRef = 39990FA62BBE5CD7006EC476 /* Assets.xcassets */; };
		39990FAA2BBE5CD7006EC476 /* Preview Assets.xcassets in Resources */ = {isa = PBXBuildFile; fileRef = 39990FA92BBE5CD7006EC476 /* Preview Assets.xcassets */; };
		39990FB12BBE5D48006EC476 /* Product.swift in Sources */ = {isa = PBXBuildFile; fileRef = 39990FB02BBE5D48006EC476 /* Product.swift */; };
		39990FB32BBE5D61006EC476 /* ProductSearchManager.swift in Sources */ = {isa = PBXBuildFile; fileRef = 39990FB22BBE5D61006EC476 /* ProductSearchManager.swift */; };
		39990FB72BBE5DDD006EC476 /* BarCodeScanner.swift in Sources */ = {isa = PBXBuildFile; fileRef = 39990FB62BBE5DDD006EC476 /* BarCodeScanner.swift */; };
/* End PBXBuildFile section */

/* Begin PBXFileReference section */
		398054572BC2647B005D7A5D /* Launch Screen.storyboard */ = {isa = PBXFileReference; lastKnownFileType = file.storyboard; path = "Launch Screen.storyboard"; sourceTree = "<group>"; };
		39990F9F2BBE5CD4006EC476 /* NutriScope.app */ = {isa = PBXFileReference; explicitFileType = wrapper.application; includeInIndex = 0; path = NutriScope.app; sourceTree = BUILT_PRODUCTS_DIR; };
		39990FA22BBE5CD4006EC476 /* ProductScannerApp.swift */ = {isa = PBXFileReference; lastKnownFileType = sourcecode.swift; path = ProductScannerApp.swift; sourceTree = "<group>"; };
		39990FA42BBE5CD4006EC476 /* ContentView.swift */ = {isa = PBXFileReference; lastKnownFileType = sourcecode.swift; path = ContentView.swift; sourceTree = "<group>"; };
		39990FA62BBE5CD7006EC476 /* Assets.xcassets */ = {isa = PBXFileReference; lastKnownFileType = folder.assetcatalog; path = Assets.xcassets; sourceTree = "<group>"; };
		39990FA92BBE5CD7006EC476 /* Preview Assets.xcassets */ = {isa = PBXFileReference; lastKnownFileType = folder.assetcatalog; path = "Preview Assets.xcassets"; sourceTree = "<group>"; };
		39990FB02BBE5D48006EC476 /* Product.swift */ = {isa = PBXFileReference; lastKnownFileType = sourcecode.swift; path = Product.swift; sourceTree = "<group>"; };
		39990FB22BBE5D61006EC476 /* ProductSearchManager.swift */ = {isa = PBXFileReference; lastKnownFileType = sourcecode.swift; path = ProductSearchManager.swift; sourceTree = "<group>"; };
		39990FB62BBE5DDD006EC476 /* BarCodeScanner.swift */ = {isa = PBXFileReference; lastKnownFileType = sourcecode.swift; path = BarCodeScanner.swift; sourceTree = "<group>"; };
/* End PBXFileReference section */

/* Begin PBXFrameworksBuildPhase section */
		39990F9C2BBE5CD4006EC476 /* Frameworks */ = {
			isa = PBXFrameworksBuildPhase;
			buildActionMask = 2147483647;
			files = (
			);
			runOnlyForDeploymentPostprocessing = 0;
		};
/* End PBXFrameworksBuildPhase section */

/* Begin PBXGroup section */
		39990F962BBE5CD4006EC476 = {
			isa = PBXGroup;
			children = (
				39990FA12BBE5CD4006EC476 /* ProductScanner */,
				39990FA02BBE5CD4006EC476 /* Products */,
			);
			sourceTree = "<group>";
		};
		39990FA02BBE5CD4006EC476 /* Products */ = {
			isa = PBXGroup;
			children = (
				39990F9F2BBE5CD4006EC476 /* NutriScope.app */,
			);
			name = Products;
			sourceTree = "<group>";
		};
		39990FA12BBE5CD4006EC476 /* ProductScanner */ = {
			isa = PBXGroup;
			children = (
				39990FA22BBE5CD4006EC476 /* ProductScannerApp.swift */,
				39990FB62BBE5DDD006EC476 /* BarCodeScanner.swift */,
				39990FA42BBE5CD4006EC476 /* ContentView.swift */,
				398054572BC2647B005D7A5D /* Launch Screen.storyboard */,
				39990FB02BBE5D48006EC476 /* Product.swift */,
				39990FB22BBE5D61006EC476 /* ProductSearchManager.swift */,
				39990FA62BBE5CD7006EC476 /* Assets.xcassets */,
				39990FA82BBE5CD7006EC476 /* Preview Content */,
			);
			path = ProductScanner;
			sourceTree = "<group>";
		};
		39990FA82BBE5CD7006EC476 /* Preview Content */ = {
			isa = PBXGroup;
			children = (
				39990FA92BBE5CD7006EC476 /* Preview Assets.xcassets */,
			);
			path = "Preview Content";
			sourceTree = "<group>";
		};
/* End PBXGroup section */

/* Begin PBXNativeTarget section */
		39990F9E2BBE5CD4006EC476 /* ProductScanner */ = {
			isa = PBXNativeTarget;
			buildConfigurationList = 39990FAD2BBE5CD7006EC476 /* Build configuration list for PBXNativeTarget "ProductScanner" */;
			buildPhases = (
				39990F9B2BBE5CD4006EC476 /* Sources */,
				39990F9C2BBE5CD4006EC476 /* Frameworks */,
				39990F9D2BBE5CD4006EC476 /* Resources */,
			);
			buildRules = (
			);
			dependencies = (
			);
			name = ProductScanner;
			productName = ProductScanner;
			productReference = 39990F9F2BBE5CD4006EC476 /* NutriScope.app */;
			productType = "com.apple.product-type.application";
		};
/* End PBXNativeTarget section */

/* Begin PBXProject section */
		39990F972BBE5CD4006EC476 /* Project object */ = {
			isa = PBXProject;
			attributes = {
				BuildIndependentTargetsInParallel = 1;
				LastSwiftUpdateCheck = 1520;
				LastUpgradeCheck = 1520;
				TargetAttributes = {
					39990F9E2BBE5CD4006EC476 = {
						CreatedOnToolsVersion = 15.2;
					};
				};
			};
			buildConfigurationList = 39990F9A2BBE5CD4006EC476 /* Build configuration list for PBXProject "ProductScanner" */;
			compatibilityVersion = "Xcode 14.0";
			developmentRegion = en;
			hasScannedForEncodings = 0;
			knownRegions = (
				en,
				Base,
			);
			mainGroup = 39990F962BBE5CD4006EC476;
			productRefGroup = 39990FA02BBE5CD4006EC476 /* Products */;
			projectDirPath = "";
			projectRoot = "";
			targets = (
				39990F9E2BBE5CD4006EC476 /* ProductScanner */,
			);
		};
/* End PBXProject section */

/* Begin PBXResourcesBuildPhase section */
		39990F9D2BBE5CD4006EC476 /* Resources */ = {
			isa = PBXResourcesBuildPhase;
			buildActionMask = 2147483647;
			files = (
				398054582BC2647B005D7A5D /* Launch Screen.storyboard in Resources */,
				39990FAA2BBE5CD7006EC476 /* Preview Assets.xcassets in Resources */,
				39990FA72BBE5CD7006EC476 /* Assets.xcassets in Resources */,
			);
			runOnlyForDeploymentPostprocessing = 0;
		};
/* End PBXResourcesBuildPhase section */

/* Begin PBXSourcesBuildPhase section */
		39990F9B2BBE5CD4006EC476 /* Sources */ = {
			isa = PBXSourcesBuildPhase;
			buildActionMask = 2147483647;
			files = (
				39990FA52BBE5CD4006EC476 /* ContentView.swift in Sources */,
				39990FA32BBE5CD4006EC476 /* ProductScannerApp.swift in Sources */,
				39990FB12BBE5D48006EC476 /* Product.swift in Sources */,
				39990FB32BBE5D61006EC476 /* ProductSearchManager.swift in Sources */,
				39990FB72BBE5DDD006EC476 /* BarCodeScanner.swift in Sources */,
			);
			runOnlyForDeploymentPostprocessing = 0;
		};
/* End PBXSourcesBuildPhase section */

/* Begin XCBuildConfiguration section */
		39990FAB2BBE5CD7006EC476 /* Debug */ = {
			isa = XCBuildConfiguration;
			buildSettings = {
				ALWAYS_SEARCH_USER_PATHS = NO;
				ASSETCATALOG_COMPILER_GENERATE_SWIFT_ASSET_SYMBOL_EXTENSIONS = YES;
				CLANG_ANALYZER_NONNULL = YES;
				CLANG_ANALYZER_NUMBER_OBJECT_CONVERSION = YES_AGGRESSIVE;
				CLANG_CXX_LANGUAGE_STANDARD = "gnu++20";
				CLANG_ENABLE_MODULES = YES;
				CLANG_ENABLE_OBJC_ARC = YES;
				CLANG_ENABLE_OBJC_WEAK = YES;
				CLANG_WARN_BLOCK_CAPTURE_AUTORELEASING = YES;
				CLANG_WARN_BOOL_CONVERSION = YES;
				CLANG_WARN_COMMA = YES;
				CLANG_WARN_CONSTANT_CONVERSION = YES;
				CLANG_WARN_DEPRECATED_OBJC_IMPLEMENTATIONS = YES;
				CLANG_WARN_DIRECT_OBJC_ISA_USAGE = YES_ERROR;
				CLANG_WARN_DOCUMENTATION_COMMENTS = YES;
				CLANG_WARN_EMPTY_BODY = YES;
				CLANG_WARN_ENUM_CONVERSION = YES;
				CLANG_WARN_INFINITE_RECURSION = YES;
				CLANG_WARN_INT_CONVERSION = YES;
				CLANG_WARN_NON_LITERAL_NULL_CONVERSION = YES;
				CLANG_WARN_OBJC_IMPLICIT_RETAIN_SELF = YES;
				CLANG_WARN_OBJC_LITERAL_CONVERSION = YES;
				CLANG_WARN_OBJC_ROOT_CLASS = YES_ERROR;
				CLANG_WARN_QUOTED_INCLUDE_IN_FRAMEWORK_HEADER = YES;
				CLANG_WARN_RANGE_LOOP_ANALYSIS = YES;
				CLANG_WARN_STRICT_PROTOTYPES = YES;
				CLANG_WARN_SUSPICIOUS_MOVE = YES;
				CLANG_WARN_UNGUARDED_AVAILABILITY = YES_AGGRESSIVE;
				CLANG_WARN_UNREACHABLE_CODE = YES;
				CLANG_WARN__DUPLICATE_METHOD_MATCH = YES;
				COPY_PHASE_STRIP = NO;
				DEBUG_INFORMATION_FORMAT = dwarf;
				ENABLE_STRICT_OBJC_MSGSEND = YES;
				ENABLE_TESTABILITY = YES;
				ENABLE_USER_SCRIPT_SANDBOXING = YES;
				GCC_C_LANGUAGE_STANDARD = gnu17;
				GCC_DYNAMIC_NO_PIC = NO;
				GCC_NO_COMMON_BLOCKS = YES;
				GCC_OPTIMIZATION_LEVEL = 0;
				GCC_PREPROCESSOR_DEFINITIONS = (
					"DEBUG=1",
					"$(inherited)",
				);
				GCC_WARN_64_TO_32_BIT_CONVERSION = YES;
				GCC_WARN_ABOUT_RETURN_TYPE = YES_ERROR;
				GCC_WARN_UNDECLARED_SELECTOR = YES;
				GCC_WARN_UNINITIALIZED_AUTOS = YES_AGGRESSIVE;
				GCC_WARN_UNUSED_FUNCTION = YES;
				GCC_WARN_UNUSED_VARIABLE = YES;
				IPHONEOS_DEPLOYMENT_TARGET = 17.0;
				LOCALIZATION_PREFERS_STRING_CATALOGS = YES;
				MTL_ENABLE_DEBUG_INFO = INCLUDE_SOURCE;
				MTL_FAST_MATH = YES;
				ONLY_ACTIVE_ARCH = YES;
				SDKROOT = iphoneos;
				SWIFT_ACTIVE_COMPILATION_CONDITIONS = "DEBUG $(inherited)";
				SWIFT_OPTIMIZATION_LEVEL = "-Onone";
			};
			name = Debug;
		};
		39990FAC2BBE5CD7006EC476 /* Release */ = {
			isa = XCBuildConfiguration;
			buildSettings = {
				ALWAYS_SEARCH_USER_PATHS = NO;
				ASSETCATALOG_COMPILER_GENERATE_SWIFT_ASSET_SYMBOL_EXTENSIONS = YES;
				CLANG_ANALYZER_NONNULL = YES;
				CLANG_ANALYZER_NUMBER_OBJECT_CONVERSION = YES_AGGRESSIVE;
				CLANG_CXX_LANGUAGE_STANDARD = "gnu++20";
				CLANG_ENABLE_MODULES = YES;
				CLANG_ENABLE_OBJC_ARC = YES;
				CLANG_ENABLE_OBJC_WEAK = YES;
				CLANG_WARN_BLOCK_CAPTURE_AUTORELEASING = YES;
				CLANG_WARN_BOOL_CONVERSION = YES;
				CLANG_WARN_COMMA = YES;
				CLANG_WARN_CONSTANT_CONVERSION = YES;
				CLANG_WARN_DEPRECATED_OBJC_IMPLEMENTATIONS = YES;
				CLANG_WARN_DIRECT_OBJC_ISA_USAGE = YES_ERROR;
				CLANG_WARN_DOCUMENTATION_COMMENTS = YES;
				CLANG_WARN_EMPTY_BODY = YES;
				CLANG_WARN_ENUM_CONVERSION = YES;
				CLANG_WARN_INFINITE_RECURSION = YES;
				CLANG_WARN_INT_CONVERSION = YES;
				CLANG_WARN_NON_LITERAL_NULL_CONVERSION = YES;
				CLANG_WARN_OBJC_IMPLICIT_RETAIN_SELF = YES;
				CLANG_WARN_OBJC_LITERAL_CONVERSION = YES;
				CLANG_WARN_OBJC_ROOT_CLASS = YES_ERROR;
				CLANG_WARN_QUOTED_INCLUDE_IN_FRAMEWORK_HEADER = YES;
				CLANG_WARN_RANGE_LOOP_ANALYSIS = YES;
				CLANG_WARN_STRICT_PROTOTYPES = YES;
				CLANG_WARN_SUSPICIOUS_MOVE = YES;
				CLANG_WARN_UNGUARDED_AVAILABILITY = YES_AGGRESSIVE;
				CLANG_WARN_UNREACHABLE_CODE = YES;
				CLANG_WARN__DUPLICATE_METHOD_MATCH = YES;
				COPY_PHASE_STRIP = NO;
				DEBUG_INFORMATION_FORMAT = "dwarf-with-dsym";
				ENABLE_NS_ASSERTIONS = NO;
				ENABLE_STRICT_OBJC_MSGSEND = YES;
				ENABLE_USER_SCRIPT_SANDBOXING = YES;
				GCC_C_LANGUAGE_STANDARD = gnu17;
				GCC_NO_COMMON_BLOCKS = YES;
				GCC_WARN_64_TO_32_BIT_CONVERSION = YES;
				GCC_WARN_ABOUT_RETURN_TYPE = YES_ERROR;
				GCC_WARN_UNDECLARED_SELECTOR = YES;
				GCC_WARN_UNINITIALIZED_AUTOS = YES_AGGRESSIVE;
				GCC_WARN_UNUSED_FUNCTION = YES;
				GCC_WARN_UNUSED_VARIABLE = YES;
				IPHONEOS_DEPLOYMENT_TARGET = 17.0;
				LOCALIZATION_PREFERS_STRING_CATALOGS = YES;
				MTL_ENABLE_DEBUG_INFO = NO;
				MTL_FAST_MATH = YES;
				SDKROOT = iphoneos;
				SWIFT_COMPILATION_MODE = wholemodule;
				VALIDATE_PRODUCT = YES;
			};
			name = Release;
		};
		39990FAE2BBE5CD7006EC476 /* Debug */ = {
			isa = XCBuildConfiguration;
			buildSettings = {
				ASSETCATALOG_COMPILER_APPICON_NAME = AppIcon;
				ASSETCATALOG_COMPILER_GLOBAL_ACCENT_COLOR_NAME = AccentColor;
				ASSETCATALOG_COMPILER_INCLUDE_ALL_APPICON_ASSETS = YES;
				CODE_SIGN_STYLE = Automatic;
				CURRENT_PROJECT_VERSION = 1;
				DEVELOPMENT_ASSET_PATHS = "\"ProductScanner/Preview Content\"";
				DEVELOPMENT_TEAM = 2578GW4Y4H;
				ENABLE_PREVIEWS = YES;
				GENERATE_INFOPLIST_FILE = YES;
				INFOPLIST_KEY_CFBundleDisplayName = NutriScope;
				INFOPLIST_KEY_LSApplicationCategoryType = "public.app-category.food-and-drink";
				INFOPLIST_KEY_NSCameraUsageDescription = "We need access to your camera to scan barcodes";
				INFOPLIST_KEY_UIApplicationSceneManifest_Generation = YES;
				INFOPLIST_KEY_UIApplicationSupportsIndirectInputEvents = YES;
				INFOPLIST_KEY_UILaunchScreen_Generation = YES;
				INFOPLIST_KEY_UILaunchStoryboardName = "Launch Screen.storyboard";
				INFOPLIST_KEY_UISupportedInterfaceOrientations_iPad = "UIInterfaceOrientationPortrait UIInterfaceOrientationPortraitUpsideDown UIInterfaceOrientationLandscapeLeft UIInterfaceOrientationLandscapeRight";
				INFOPLIST_KEY_UISupportedInterfaceOrientations_iPhone = "UIInterfaceOrientationPortrait UIInterfaceOrientationLandscapeLeft UIInterfaceOrientationLandscapeRight";
				LD_RUNPATH_SEARCH_PATHS = (
					"$(inherited)",
					"@executable_path/Frameworks",
				);
				MARKETING_VERSION = 1.0;
				PRODUCT_BUNDLE_IDENTIFIER = TimurArutiunian.ProductScanner;
				PRODUCT_MODULE_NAME = NutriScope;
				PRODUCT_NAME = NutriScope;
				SWIFT_EMIT_LOC_STRINGS = YES;
				SWIFT_VERSION = 5.0;
				TARGETED_DEVICE_FAMILY = "1,2";
			};
			name = Debug;
		};
		39990FAF2BBE5CD7006EC476 /* Release */ = {
			isa = XCBuildConfiguration;
			buildSettings = {
				ASSETCATALOG_COMPILER_APPICON_NAME = AppIcon;
				ASSETCATALOG_COMPILER_GLOBAL_ACCENT_COLOR_NAME = AccentColor;
				ASSETCATALOG_COMPILER_INCLUDE_ALL_APPICON_ASSETS = YES;
				CODE_SIGN_STYLE = Automatic;
				CURRENT_PROJECT_VERSION = 1;
				DEVELOPMENT_ASSET_PATHS = "\"ProductScanner/Preview Content\"";
				DEVELOPMENT_TEAM = 2578GW4Y4H;
				ENABLE_PREVIEWS = YES;
				GENERATE_INFOPLIST_FILE = YES;
				INFOPLIST_KEY_CFBundleDisplayName = NutriScope;
				INFOPLIST_KEY_LSApplicationCategoryType = "public.app-category.food-and-drink";
				INFOPLIST_KEY_NSCameraUsageDescription = "We need access to your camera to scan barcodes";
				INFOPLIST_KEY_UIApplicationSceneManifest_Generation = YES;
				INFOPLIST_KEY_UIApplicationSupportsIndirectInputEvents = YES;
				INFOPLIST_KEY_UILaunchScreen_Generation = YES;
				INFOPLIST_KEY_UILaunchStoryboardName = "Launch Screen.storyboard";
				INFOPLIST_KEY_UISupportedInterfaceOrientations_iPad = "UIInterfaceOrientationPortrait UIInterfaceOrientationPortraitUpsideDown UIInterfaceOrientationLandscapeLeft UIInterfaceOrientationLandscapeRight";
				INFOPLIST_KEY_UISupportedInterfaceOrientations_iPhone = "UIInterfaceOrientationPortrait UIInterfaceOrientationLandscapeLeft UIInterfaceOrientationLandscapeRight";
				LD_RUNPATH_SEARCH_PATHS = (
					"$(inherited)",
					"@executable_path/Frameworks",
				);
				MARKETING_VERSION = 1.0;
				PRODUCT_BUNDLE_IDENTIFIER = TimurArutiunian.ProductScanner;
				PRODUCT_MODULE_NAME = NutriScope;
				PRODUCT_NAME = NutriScope;
				SWIFT_EMIT_LOC_STRINGS = YES;
				SWIFT_VERSION = 5.0;
				TARGETED_DEVICE_FAMILY = "1,2";
			};
			name = Release;
		};
/* End XCBuildConfiguration section */

/* Begin XCConfigurationList section */
		39990F9A2BBE5CD4006EC476 /* Build configuration list for PBXProject "ProductScanner" */ = {
			isa = XCConfigurationList;
			buildConfigurations = (
				39990FAB2BBE5CD7006EC476 /* Debug */,
				39990FAC2BBE5CD7006EC476 /* Release */,
			);
			defaultConfigurationIsVisible = 0;
			defaultConfigurationName = Release;
		};
		39990FAD2BBE5CD7006EC476 /* Build configuration list for PBXNativeTarget "ProductScanner" */ = {
			isa = XCConfigurationList;
			buildConfigurations = (
				39990FAE2BBE5CD7006EC476 /* Debug */,
				39990FAF2BBE5CD7006EC476 /* Release */,
			);
			defaultConfigurationIsVisible = 0;
			defaultConfigurationName = Release;
		};
/* End XCConfigurationList section */
	};
	rootObject = 39990F972BBE5CD4006EC476 /* Project object */;
}
